
Microsoft Visual Studio Solution File, Format Version 12.00
# Visual Studio Version 17
VisualStudioVersion = 17.0.32112.339
MinimumVisualStudioVersion = 10.0.40219.1
Project("{FAE04EC0-301F-11D3-BF4B-00C04F79EFBC}") = "TicketingSystem", "TicketingSystem.csproj", "{1050322B-88FE-454B-A303-87B4B99869D0}"
EndProject
Global
	GlobalSection(SolutionConfigurationPlatforms) = preSolution
		Debug|Any CPU = Debug|Any CPU
		Release|Any CPU = Release|Any CPU
	EndGlobalSection
	GlobalSection(ProjectConfigurationPlatforms) = postSolution
		{1050322B-88FE-454B-A303-87B4B99869D0}.Debug|Any CPU.ActiveCfg = Debug|Any CPU
		{1050322B-88FE-454B-A303-87B4B99869D0}.Debug|Any CPU.Build.0 = Debug|Any CPU
		{1050322B-88FE-454B-A303-87B4B99869D0}.Release|Any CPU.ActiveCfg = Release|Any CPU
		{1050322B-88FE-454B-A303-87B4B99869D0}.Release|Any CPU.Build.0 = Release|Any CPU
	EndGlobalSection
	GlobalSection(SolutionProperties) = preSolution
		HideSolutionNode = FALSE
	EndGlobalSection
	GlobalSection(ExtensibilityGlobals) = postSolution
		SolutionGuid = {297D598C-B5B5-47B3-8D30-6259A4F8A2B3}
	EndGlobalSection
EndGlobal
